
Microsoft Visual Studio Solution File, Format Version 12.00
# Visual Studio Version 17
VisualStudioVersion = 17.12.35527.113
MinimumVisualStudioVersion = 10.0.40219.1
Project("{2150E333-8FDC-42A3-9474-1A3956D46DE8}") = "Solution Items", "Solution Items", "{3BA867C2-E495-452C-BA67-891F120888B1}"
	ProjectSection(SolutionItems) = preProject
		.editorconfig = .editorconfig
	EndProjectSection
EndProject
Project("{FAE04EC0-301F-11D3-BF4B-00C04F79EFBC}") = "MediGuard", "MediGuard\MediGuard.csproj", "{F16B32B4-AD01-4626-9BD3-BB0E8361C45A}"
EndProject
Global
	GlobalSection(SolutionConfigurationPlatforms) = preSolution
		Debug|Any CPU = Debug|Any CPU
		Release|Any CPU = Release|Any CPU
	EndGlobalSection
	GlobalSection(ProjectConfigurationPlatforms) = postSolution
		{F16B32B4-AD01-4626-9BD3-BB0E8361C45A}.Debug|Any CPU.ActiveCfg = Debug|Any CPU
		{F16B32B4-AD01-4626-9BD3-BB0E8361C45A}.Debug|Any CPU.Build.0 = Debug|Any CPU
		{F16B32B4-AD01-4626-9BD3-BB0E8361C45A}.Release|Any CPU.ActiveCfg = Release|Any CPU
		{F16B32B4-AD01-4626-9BD3-BB0E8361C45A}.Release|Any CPU.Build.0 = Release|Any CPU
	EndGlobalSection
	GlobalSection(SolutionProperties) = preSolution
		HideSolutionNode = FALSE
	EndGlobalSection
	GlobalSection(ExtensibilityGlobals) = postSolution
		SolutionGuid = {49142F6B-8732-49A1-B5EA-B6529B8A6B08}
	EndGlobalSection
EndGlobal
